
Microsoft Visual Studio Solution File, Format Version 12.00
# Visual Studio Version 17
VisualStudioVersion = 17.0.31903.59
MinimumVisualStudioVersion = 10.0.40219.1
Project("{2150E333-8FDC-42A3-9474-1A3956D46DE8}") = "src", "src", "{827E0CD3-B72D-47B6-A68D-7590B98EB39B}"
EndProject
Project("{FAE04EC0-301F-11D3-BF4B-00C04F79EFBC}") = "SafeCase.Api", "src\SafeCase.Api\SafeCase.Api.csproj", "{E51E7688-7A04-416F-B259-D5CBBE065C17}"
EndProject
Project("{FAE04EC0-301F-11D3-BF4B-00C04F79EFBC}") = "SafeCase.Application", "src\SafeCase.Application\SafeCase.Application.csproj", "{68C5BDE0-5013-45AC-A8DF-36E7090E8AD7}"
EndProject
Project("{FAE04EC0-301F-11D3-BF4B-00C04F79EFBC}") = "SafeCase.Domain", "src\SafeCase.Domain\SafeCase.Domain.csproj", "{E9CA380B-C84C-4A0A-88F4-3974BEA80C2D}"
EndProject
Project("{FAE04EC0-301F-11D3-BF4B-00C04F79EFBC}") = "SafeCase.Infrastructure", "src\SafeCase.Infrastructure\SafeCase.Infrastructure.csproj", "{6C006089-E114-43A1-9271-113706B1E431}"
EndProject
Project("{FAE04EC0-301F-11D3-BF4B-00C04F79EFBC}") = "SafeCase.Workers", "src\SafeCase.Workers\SafeCase.Workers.csproj", "{185880DB-2DB4-404F-8951-3F1CFE02FA3A}"
EndProject
Project("{2150E333-8FDC-42A3-9474-1A3956D46DE8}") = "tests", "tests", "{0AB3BF05-4346-4AA6-1389-037BE0695223}"
EndProject
Project("{FAE04EC0-301F-11D3-BF4B-00C04F79EFBC}") = "SafeCase.UnitTests", "tests\SafeCase.UnitTests\SafeCase.UnitTests.csproj", "{7DE8D995-69C5-43E4-A927-ED7105497A88}"
EndProject
Project("{FAE04EC0-301F-11D3-BF4B-00C04F79EFBC}") = "SafeCase.IntegrationTests", "tests\SafeCase.IntegrationTests\SafeCase.IntegrationTests.csproj", "{B111EC67-67C7-4004-B125-D231DF4B09F9}"
EndProject
Project("{FAE04EC0-301F-11D3-BF4B-00C04F79EFBC}") = "SafeCase.AuthorizationTests", "tests\SafeCase.AuthorizationTests\SafeCase.AuthorizationTests.csproj", "{3E66F034-B40C-49A0-939B-6B29AC04852C}"
EndProject
Project("{FAE04EC0-301F-11D3-BF4B-00C04F79EFBC}") = "SafeCase.ArchitectureTests", "tests\SafeCase.ArchitectureTests\SafeCase.ArchitectureTests.csproj", "{667CECC2-EE67-4C43-B35A-8A96E4A4CC20}"
EndProject
Global
	GlobalSection(SolutionConfigurationPlatforms) = preSolution
		Debug|Any CPU = Debug|Any CPU
		Debug|x64 = Debug|x64
		Debug|x86 = Debug|x86
		Release|Any CPU = Release|Any CPU
		Release|x64 = Release|x64
		Release|x86 = Release|x86
	EndGlobalSection
	GlobalSection(ProjectConfigurationPlatforms) = postSolution
		{E51E7688-7A04-416F-B259-D5CBBE065C17}.Debug|Any CPU.ActiveCfg = Debug|Any CPU
		{E51E7688-7A04-416F-B259-D5CBBE065C17}.Debug|Any CPU.Build.0 = Debug|Any CPU
		{E51E7688-7A04-416F-B259-D5CBBE065C17}.Debug|x64.ActiveCfg = Debug|Any CPU
		{E51E7688-7A04-416F-B259-D5CBBE065C17}.Debug|x64.Build.0 = Debug|Any CPU
		{E51E7688-7A04-416F-B259-D5CBBE065C17}.Debug|x86.ActiveCfg = Debug|Any CPU
		{E51E7688-7A04-416F-B259-D5CBBE065C17}.Debug|x86.Build.0 = Debug|Any CPU
		{E51E7688-7A04-416F-B259-D5CBBE065C17}.Release|Any CPU.ActiveCfg = Release|Any CPU
		{E51E7688-7A04-416F-B259-D5CBBE065C17}.Release|Any CPU.Build.0 = Release|Any CPU
		{E51E7688-7A04-416F-B259-D5CBBE065C17}.Release|x64.ActiveCfg = Release|Any CPU
		{E51E7688-7A04-416F-B259-D5CBBE065C17}.Release|x64.Build.0 = Release|Any CPU
		{E51E7688-7A04-416F-B259-D5CBBE065C17}.Release|x86.ActiveCfg = Release|Any CPU
		{E51E7688-7A04-416F-B259-D5CBBE065C17}.Release|x86.Build.0 = Release|Any CPU
		{68C5BDE0-5013-45AC-A8DF-36E7090E8AD7}.Debug|Any CPU.ActiveCfg = Debug|Any CPU
		{68C5BDE0-5013-45AC-A8DF-36E7090E8AD7}.Debug|Any CPU.Build.0 = Debug|Any CPU
		{68C5BDE0-5013-45AC-A8DF-36E7090E8AD7}.Debug|x64.ActiveCfg = Debug|Any CPU
		{68C5BDE0-5013-45AC-A8DF-36E7090E8AD7}.Debug|x64.Build.0 = Debug|Any CPU
		{68C5BDE0-5013-45AC-A8DF-36E7090E8AD7}.Debug|x86.ActiveCfg = Debug|Any CPU
		{68C5BDE0-5013-45AC-A8DF-36E7090E8AD7}.Debug|x86.Build.0 = Debug|Any CPU
		{68C5BDE0-5013-45AC-A8DF-36E7090E8AD7}.Release|Any CPU.ActiveCfg = Release|Any CPU
		{68C5BDE0-5013-45AC-A8DF-36E7090E8AD7}.Release|Any CPU.Build.0 = Release|Any CPU
		{68C5BDE0-5013-45AC-A8DF-36E7090E8AD7}.Release|x64.ActiveCfg = Release|Any CPU
		{68C5BDE0-5013-45AC-A8DF-36E7090E8AD7}.Release|x64.Build.0 = Release|Any CPU
		{68C5BDE0-5013-45AC-A8DF-36E7090E8AD7}.Release|x86.ActiveCfg = Release|Any CPU
		{68C5BDE0-5013-45AC-A8DF-36E7090E8AD7}.Release|x86.Build.0 = Release|Any CPU
		{E9CA380B-C84C-4A0A-88F4-3974BEA80C2D}.Debug|Any CPU.ActiveCfg = Debug|Any CPU
		{E9CA380B-C84C-4A0A-88F4-3974BEA80C2D}.Debug|Any CPU.Build.0 = Debug|Any CPU
		{E9CA380B-C84C-4A0A-88F4-3974BEA80C2D}.Debug|x64.ActiveCfg = Debug|Any CPU
		{E9CA380B-C84C-4A0A-88F4-3974BEA80C2D}.Debug|x64.Build.0 = Debug|Any CPU
		{E9CA380B-C84C-4A0A-88F4-3974BEA80C2D}.Debug|x86.ActiveCfg = Debug|Any CPU
		{E9CA380B-C84C-4A0A-88F4-3974BEA80C2D}.Debug|x86.Build.0 = Debug|Any CPU
		{E9CA380B-C84C-4A0A-88F4-3974BEA80C2D}.Release|Any CPU.ActiveCfg = Release|Any CPU
		{E9CA380B-C84C-4A0A-88F4-3974BEA80C2D}.Release|Any CPU.Build.0 = Release|Any CPU
		{E9CA380B-C84C-4A0A-88F4-3974BEA80C2D}.Release|x64.ActiveCfg = Release|Any CPU
		{E9CA380B-C84C-4A0A-88F4-3974BEA80C2D}.Release|x64.Build.0 = Release|Any CPU
		{E9CA380B-C84C-4A0A-88F4-3974BEA80C2D}.Release|x86.ActiveCfg = Release|Any CPU
		{E9CA380B-C84C-4A0A-88F4-3974BEA80C2D}.Release|x86.Build.0 = Release|Any CPU
		{6C006089-E114-43A1-9271-113706B1E431}.Debug|Any CPU.ActiveCfg = Debug|Any CPU
		{6C006089-E114-43A1-9271-113706B1E431}.Debug|Any CPU.Build.0 = Debug|Any CPU
		{6C006089-E114-43A1-9271-113706B1E431}.Debug|x64.ActiveCfg = Debug|Any CPU
		{6C006089-E114-43A1-9271-113706B1E431}.Debug|x64.Build.0 = Debug|Any CPU
		{6C006089-E114-43A1-9271-113706B1E431}.Debug|x86.ActiveCfg = Debug|Any CPU
		{6C006089-E114-43A1-9271-113706B1E431}.Debug|x86.Build.0 = Debug|Any CPU
		{6C006089-E114-43A1-9271-113706B1E431}.Release|Any CPU.ActiveCfg = Release|Any CPU
		{6C006089-E114-43A1-9271-113706B1E431}.Release|Any CPU.Build.0 = Release|Any CPU
		{6C006089-E114-43A1-9271-113706B1E431}.Release|x64.ActiveCfg = Release|Any CPU
		{6C006089-E114-43A1-9271-113706B1E431}.Release|x64.Build.0 = Release|Any CPU
		{6C006089-E114-43A1-9271-113706B1E431}.Release|x86.ActiveCfg = Release|Any CPU
		{6C006089-E114-43A1-9271-113706B1E431}.Release|x86.Build.0 = Release|Any CPU
		{185880DB-2DB4-404F-8951-3F1CFE02FA3A}.Debug|Any CPU.ActiveCfg = Debug|Any CPU
		{185880DB-2DB4-404F-8951-3F1CFE02FA3A}.Debug|Any CPU.Build.0 = Debug|Any CPU
		{185880DB-2DB4-404F-8951-3F1CFE02FA3A}.Debug|x64.ActiveCfg = Debug|Any CPU
		{185880DB-2DB4-404F-8951-3F1CFE02FA3A}.Debug|x64.Build.0 = Debug|Any CPU
		{185880DB-2DB4-404F-8951-3F1CFE02FA3A}.Debug|x86.ActiveCfg = Debug|Any CPU
		{185880DB-2DB4-404F-8951-3F1CFE02FA3A}.Debug|x86.Build.0 = Debug|Any CPU
		{185880DB-2DB4-404F-8951-3F1CFE02FA3A}.Release|Any CPU.ActiveCfg = Release|Any CPU
		{185880DB-2DB4-404F-8951-3F1CFE02FA3A}.Release|Any CPU.Build.0 = Release|Any CPU
		{185880DB-2DB4-404F-8951-3F1CFE02FA3A}.Release|x64.ActiveCfg = Release|Any CPU
		{185880DB-2DB4-404F-8951-3F1CFE02FA3A}.Release|x64.Build.0 = Release|Any CPU
		{185880DB-2DB4-404F-8951-3F1CFE02FA3A}.Release|x86.ActiveCfg = Release|Any CPU
		{185880DB-2DB4-404F-8951-3F1CFE02FA3A}.Release|x86.Build.0 = Release|Any CPU
		{7DE8D995-69C5-43E4-A927-ED7105497A88}.Debug|Any CPU.ActiveCfg = Debug|Any CPU
		{7DE8D995-69C5-43E4-A927-ED7105497A88}.Debug|Any CPU.Build.0 = Debug|Any CPU
		{7DE8D995-69C5-43E4-A927-ED7105497A88}.Debug|x64.ActiveCfg = Debug|Any CPU
		{7DE8D995-69C5-43E4-A927-ED7105497A88}.Debug|x64.Build.0 = Debug|Any CPU
		{7DE8D995-69C5-43E4-A927-ED7105497A88}.Debug|x86.ActiveCfg = Debug|Any CPU
		{7DE8D995-69C5-43E4-A927-ED7105497A88}.Debug|x86.Build.0 = Debug|Any CPU
		{7DE8D995-69C5-43E4-A927-ED7105497A88}.Release|Any CPU.ActiveCfg = Release|Any CPU
		{7DE8D995-69C5-43E4-A927-ED7105497A88}.Release|Any CPU.Build.0 = Release|Any CPU
		{7DE8D995-69C5-43E4-A927-ED7105497A88}.Release|x64.ActiveCfg = Release|Any CPU
		{7DE8D995-69C5-43E4-A927-ED7105497A88}.Release|x64.Build.0 = Release|Any CPU
		{7DE8D995-69C5-43E4-A927-ED7105497A88}.Release|x86.ActiveCfg = Release|Any CPU
		{7DE8D995-69C5-43E4-A927-ED7105497A88}.Release|x86.Build.0 = Release|Any CPU
		{B111EC67-67C7-4004-B125-D231DF4B09F9}.Debug|Any CPU.ActiveCfg = Debug|Any CPU
		{B111EC67-67C7-4004-B125-D231DF4B09F9}.Debug|Any CPU.Build.0 = Debug|Any CPU
		{B111EC67-67C7-4004-B125-D231DF4B09F9}.Debug|x64.ActiveCfg = Debug|Any CPU
		{B111EC67-67C7-4004-B125-D231DF4B09F9}.Debug|x64.Build.0 = Debug|Any CPU
		{B111EC67-67C7-4004-B125-D231DF4B09F9}.Debug|x86.ActiveCfg = Debug|Any CPU
		{B111EC67-67C7-4004-B125-D231DF4B09F9}.Debug|x86.Build.0 = Debug|Any CPU
		{B111EC67-67C7-4004-B125-D231DF4B09F9}.Release|Any CPU.ActiveCfg = Release|Any CPU
		{B111EC67-67C7-4004-B125-D231DF4B09F9}.Release|Any CPU.Build.0 = Release|Any CPU
		{B111EC67-67C7-4004-B125-D231DF4B09F9}.Release|x64.ActiveCfg = Release|Any CPU
		{B111EC67-67C7-4004-B125-D231DF4B09F9}.Release|x64.Build.0 = Release|Any CPU
		{B111EC67-67C7-4004-B125-D231DF4B09F9}.Release|x86.ActiveCfg = Release|Any CPU
		{B111EC67-67C7-4004-B125-D231DF4B09F9}.Release|x86.Build.0 = Release|Any CPU
		{3E66F034-B40C-49A0-939B-6B29AC04852C}.Debug|Any CPU.ActiveCfg = Debug|Any CPU
		{3E66F034-B40C-49A0-939B-6B29AC04852C}.Debug|Any CPU.Build.0 = Debug|Any CPU
		{3E66F034-B40C-49A0-939B-6B29AC04852C}.Debug|x64.ActiveCfg = Debug|Any CPU
		{3E66F034-B40C-49A0-939B-6B29AC04852C}.Debug|x64.Build.0 = Debug|Any CPU
		{3E66F034-B40C-49A0-939B-6B29AC04852C}.Debug|x86.ActiveCfg = Debug|Any CPU
		{3E66F034-B40C-49A0-939B-6B29AC04852C}.Debug|x86.Build.0 = Debug|Any CPU
		{3E66F034-B40C-49A0-939B-6B29AC04852C}.Release|Any CPU.ActiveCfg = Release|Any CPU
		{3E66F034-B40C-49A0-939B-6B29AC04852C}.Release|Any CPU.Build.0 = Release|Any CPU
		{3E66F034-B40C-49A0-939B-6B29AC04852C}.Release|x64.ActiveCfg = Release|Any CPU
		{3E66F034-B40C-49A0-939B-6B29AC04852C}.Release|x64.Build.0 = Release|Any CPU
		{3E66F034-B40C-49A0-939B-6B29AC04852C}.Release|x86.ActiveCfg = Release|Any CPU
		{3E66F034-B40C-49A0-939B-6B29AC04852C}.Release|x86.Build.0 = Release|Any CPU
		{667CECC2-EE67-4C43-B35A-8A96E4A4CC20}.Debug|Any CPU.ActiveCfg = Debug|Any CPU
		{667CECC2-EE67-4C43-B35A-8A96E4A4CC20}.Debug|Any CPU.Build.0 = Debug|Any CPU
		{667CECC2-EE67-4C43-B35A-8A96E4A4CC20}.Debug|x64.ActiveCfg = Debug|Any CPU
		{667CECC2-EE67-4C43-B35A-8A96E4A4CC20}.Debug|x64.Build.0 = Debug|Any CPU
		{667CECC2-EE67-4C43-B35A-8A96E4A4CC20}.Debug|x86.ActiveCfg = Debug|Any CPU
		{667CECC2-EE67-4C43-B35A-8A96E4A4CC20}.Debug|x86.Build.0 = Debug|Any CPU
		{667CECC2-EE67-4C43-B35A-8A96E4A4CC20}.Release|Any CPU.ActiveCfg = Release|Any CPU
		{667CECC2-EE67-4C43-B35A-8A96E4A4CC20}.Release|Any CPU.Build.0 = Release|Any CPU
		{667CECC2-EE67-4C43-B35A-8A96E4A4CC20}.Release|x64.ActiveCfg = Release|Any CPU
		{667CECC2-EE67-4C43-B35A-8A96E4A4CC20}.Release|x64.Build.0 = Release|Any CPU
		{667CECC2-EE67-4C43-B35A-8A96E4A4CC20}.Release|x86.ActiveCfg = Release|Any CPU
		{667CECC2-EE67-4C43-B35A-8A96E4A4CC20}.Release|x86.Build.0 = Release|Any CPU
	EndGlobalSection
	GlobalSection(SolutionProperties) = preSolution
		HideSolutionNode = FALSE
	EndGlobalSection
	GlobalSection(NestedProjects) = preSolution
		{E51E7688-7A04-416F-B259-D5CBBE065C17} = {827E0CD3-B72D-47B6-A68D-7590B98EB39B}
		{68C5BDE0-5013-45AC-A8DF-36E7090E8AD7} = {827E0CD3-B72D-47B6-A68D-7590B98EB39B}
		{E9CA380B-C84C-4A0A-88F4-3974BEA80C2D} = {827E0CD3-B72D-47B6-A68D-7590B98EB39B}
		{6C006089-E114-43A1-9271-113706B1E431} = {827E0CD3-B72D-47B6-A68D-7590B98EB39B}
		{185880DB-2DB4-404F-8951-3F1CFE02FA3A} = {827E0CD3-B72D-47B6-A68D-7590B98EB39B}
		{7DE8D995-69C5-43E4-A927-ED7105497A88} = {0AB3BF05-4346-4AA6-1389-037BE0695223}
		{B111EC67-67C7-4004-B125-D231DF4B09F9} = {0AB3BF05-4346-4AA6-1389-037BE0695223}
		{3E66F034-B40C-49A0-939B-6B29AC04852C} = {0AB3BF05-4346-4AA6-1389-037BE0695223}
		{667CECC2-EE67-4C43-B35A-8A96E4A4CC20} = {0AB3BF05-4346-4AA6-1389-037BE0695223}
	EndGlobalSection
EndGlobal
